{
  "name": "@repo/db",
  "version": "1.0.0",
  "lockfileVersion": 3,
  "requires": true,
  "packages": {
    "": {
      "name": "@repo/db",
      "version": "1.0.0",
      "license": "ISC",
      "dependencies": {
        "@repo/db": "file:",
        "db": "file:"
      }
    },
    "node_modules/@repo/db": {
      "resolved": "",
      "link": true
    },
    "node_modules/db": {
      "resolved": "",
      "link": true
    }
  }
}
